Microsoft Visual Studio Solution File, Format Version 12.00
# Visual Studio Version 17
VisualStudioVersion = 17.5.2.0
MinimumVisualStudioVersion = 10.0.40219.1
Project("{FAE04EC0-301F-11D3-BF4B-00C04F79EFBC}") = "LearnCSharp", "LearnCSharp\LearnCSharp.csproj", "{6A65FE61-EF63-EBB8-5EE9-BAE6C57EC701}"
EndProject
Project("{FAE04EC0-301F-11D3-BF4B-00C04F79EFBC}") = "LogicExercise", "LogicExercise\LogicExercise.csproj", "{ACDC266C-507B-4CC3-B94C-AA7B02884DBF}"
EndProject
Project("{FAE04EC0-301F-11D3-BF4B-00C04F79EFBC}") = "Struct", "Struct\Struct.csproj", "{6BF4E3CD-5C03-45A9-AEEE-48801E8C51C0}"
EndProject
Project("{FAE04EC0-301F-11D3-BF4B-00C04F79EFBC}") = "Interfaces", "Interfaces\Interfaces.csproj", "{1DAB069E-0629-4F18-874D-CF7F0C76F322}"
EndProject
Global
	GlobalSection(SolutionConfigurationPlatforms) = preSolution
		Debug|Any CPU = Debug|Any CPU
		Release|Any CPU = Release|Any CPU
	EndGlobalSection
	GlobalSection(ProjectConfigurationPlatforms) = postSolution
		{6A65FE61-EF63-EBB8-5EE9-BAE6C57EC701}.Debug|Any CPU.ActiveCfg = Debug|Any CPU
		{6A65FE61-EF63-EBB8-5EE9-BAE6C57EC701}.Debug|Any CPU.Build.0 = Debug|Any CPU
		{6A65FE61-EF63-EBB8-5EE9-BAE6C57EC701}.Release|Any CPU.ActiveCfg = Release|Any CPU
		{6A65FE61-EF63-EBB8-5EE9-BAE6C57EC701}.Release|Any CPU.Build.0 = Release|Any CPU
		{ACDC266C-507B-4CC3-B94C-AA7B02884DBF}.Debug|Any CPU.ActiveCfg = Debug|Any CPU
		{ACDC266C-507B-4CC3-B94C-AA7B02884DBF}.Debug|Any CPU.Build.0 = Debug|Any CPU
		{ACDC266C-507B-4CC3-B94C-AA7B02884DBF}.Release|Any CPU.ActiveCfg = Release|Any CPU
		{ACDC266C-507B-4CC3-B94C-AA7B02884DBF}.Release|Any CPU.Build.0 = Release|Any CPU
		{6BF4E3CD-5C03-45A9-AEEE-48801E8C51C0}.Debug|Any CPU.ActiveCfg = Debug|Any CPU
		{6BF4E3CD-5C03-45A9-AEEE-48801E8C51C0}.Debug|Any CPU.Build.0 = Debug|Any CPU
		{6BF4E3CD-5C03-45A9-AEEE-48801E8C51C0}.Release|Any CPU.ActiveCfg = Release|Any CPU
		{6BF4E3CD-5C03-45A9-AEEE-48801E8C51C0}.Release|Any CPU.Build.0 = Release|Any CPU
		{1DAB069E-0629-4F18-874D-CF7F0C76F322}.Debug|Any CPU.ActiveCfg = Debug|Any CPU
		{1DAB069E-0629-4F18-874D-CF7F0C76F322}.Debug|Any CPU.Build.0 = Debug|Any CPU
		{1DAB069E-0629-4F18-874D-CF7F0C76F322}.Release|Any CPU.ActiveCfg = Release|Any CPU
		{1DAB069E-0629-4F18-874D-CF7F0C76F322}.Release|Any CPU.Build.0 = Release|Any CPU
	EndGlobalSection
	GlobalSection(SolutionProperties) = preSolution
		HideSolutionNode = FALSE
	EndGlobalSection
	GlobalSection(ExtensibilityGlobals) = postSolution
		SolutionGuid = {C38A82B1-F43C-494F-BDA5-C8E325E722EF}
	EndGlobalSection
EndGlobal
